{
    "_readme": [
        "This file locks the dependencies of your project to a known state",
        "Read more about it at https://getcomposer.org/doc/01-basic-usage.md#composer-lock-the-lock-file",
        "This file is @generated automatically"
    ],
    "hash": "c28375a36167dd284b740e34971fa77d",
    "content-hash": "67cd4b5089100e16bf1637a1029dc639",
    "packages": [
        {
            "name": "joefallon/phplog",
            "version": "v3.1.1",
            "source": {
                "type": "git",
                "url": "https://github.com/joefallon/phplog.git",
                "reference": "2c45364c0798d41e8260aef5b52169dbccd3e1dc"
            },
            "dist": {
                "type": "zip",
                "url": "https://api.github.com/repos/joefallon/phplog/zipball/2c45364c0798d41e8260aef5b52169dbccd3e1dc",
                "reference": "2c45364c0798d41e8260aef5b52169dbccd3e1dc",
                "shasum": ""
            },
            "require": {
                "php": ">=5.3.0",
                "psr/log": "~1.0"
            },
            "require-dev": {
                "joefallon/kisstest": "~1.0",
                "joefallon/phpautoloader": "~2.0"
            },
            "type": "library",
            "autoload": {
                "psr-0": {
                    "JoeFallon": "src/"
                }
            },
            "notification-url": "https://packagist.org/downloads/",
            "license": [
                "MIT"
            ],
            "authors": [
                {
                    "name": "Joe Fallon",
                    "email": "joseph.t.fallon@gmail.com",
                    "homepage": "http://blog.joefallon.net"
                }
            ],
            "description": "This package contains simple to use logger",
            "homepage": "https://github.com/joefallon/phplog",
            "keywords": [
                "log",
                "logger"
            ],
            "time": "2015-02-05 18:39:04"
        },
        {
            "name": "joefallon/phptime",
            "version": "v3.0.1",
            "source": {
                "type": "git",
                "url": "https://github.com/joefallon/phptime.git",
                "reference": "5369a1e52e1a2f35ae81a9dc0f948a22d0729592"
            },
            "dist": {
                "type": "zip",
                "url": "https://api.github.com/repos/joefallon/phptime/zipball/5369a1e52e1a2f35ae81a9dc0f948a22d0729592",
                "reference": "5369a1e52e1a2f35ae81a9dc0f948a22d0729592",
                "shasum": ""
            },
            "require": {
                "php": ">=5.3.0"
            },
            "require-dev": {
                "joefallon/kisstest": "~1.0",
                "joefallon/phpautoloader": "~2.0"
            },
            "type": "library",
            "autoload": {
                "psr-0": {
                    "JoeFallon": "src/"
                }
            },
            "notification-url": "https://packagist.org/downloads/",
            "license": [
                "MIT"
            ],
            "authors": [
                {
                    "name": "Joe Fallon",
                    "email": "joseph.t.fallon@gmail.com",
                    "homepage": "http://blog.joefallon.net"
                }
            ],
            "description": "This package contains a set of classes for making it easier to work with time in PHP.",
            "homepage": "https://github.com/joefallon/phptime",
            "keywords": [
                "chronograph",
                "data",
                "php",
                "time"
            ],
            "time": "2015-01-10 00:35:54"
        },
        {
            "name": "psr/log",
            "version": "dev-master",
            "source": {
                "type": "git",
                "url": "https://github.com/php-fig/log.git",
                "reference": "9e45edca52cc9c954680072c93e621f8b71fab26"
            },
            "dist": {
                "type": "zip",
                "url": "https://api.github.com/repos/php-fig/log/zipball/9e45edca52cc9c954680072c93e621f8b71fab26",
                "reference": "9e45edca52cc9c954680072c93e621f8b71fab26",
                "shasum": ""
            },
            "require": {
                "php": ">=5.3.0"
            },
            "type": "library",
            "extra": {
                "branch-alias": {
                    "dev-master": "1.0.x-dev"
                }
            },
            "autoload": {
                "psr-4": {
                    "Psr\\Log\\": "Psr/Log/"
                }
            },
            "notification-url": "https://packagist.org/downloads/",
            "license": [
                "MIT"
            ],
            "authors": [
                {
                    "name": "PHP-FIG",
                    "homepage": "http://www.php-fig.org/"
                }
            ],
            "description": "Common interface for logging libraries",
            "keywords": [
                "log",
                "psr",
                "psr-3"
            ],
            "time": "2015-06-02 13:48:41"
        }
    ],
    "packages-dev": [
        {
            "name": "joefallon/kisstest",
            "version": "v1.3.4",
            "source": {
                "type": "git",
                "url": "https://github.com/joefallon/kisstest.git",
                "reference": "9c8a68e26d184bc1fa0e2bf15d09e6a320799189"
            },
            "dist": {
                "type": "zip",
                "url": "https://api.github.com/repos/joefallon/kisstest/zipball/9c8a68e26d184bc1fa0e2bf15d09e6a320799189",
                "reference": "9c8a68e26d184bc1fa0e2bf15d09e6a320799189",
                "shasum": ""
            },
            "require": {
                "php": ">=5.3.0",
                "phpunit/php-code-coverage": "~2.0"
            },
            "require-dev": {
                "joefallon/phpautoloader": "~2.0"
            },
            "type": "library",
            "autoload": {
                "psr-0": {
                    "JoeFallon": "src/"
                }
            },
            "notification-url": "https://packagist.org/downloads/",
            "license": [
                "MIT"
            ],
            "authors": [
                {
                    "name": "Joe Fallon",
                    "email": "joseph.t.fallon@gmail.com",
                    "homepage": "http://blog.joefallon.net"
                }
            ],
            "description": "KissTest is a gorgeous and fast unit testing framework for PHP that does not require use of the command line.",
            "homepage": "https://github.com/joefallon/kisstest",
            "keywords": [
                "test",
                "unit-test",
                "xunit"
            ],
            "time": "2015-07-02 17:59:04"
        },
        {
            "name": "joefallon/phpautoloader",
            "version": "v2.0.3",
            "source": {
                "type": "git",
                "url": "https://github.com/joefallon/phpautoloader.git",
                "reference": "3dd432e44d6d709b86a9ed60e3aa09375b1d49af"
            },
            "dist": {
                "type": "zip",
                "url": "https://api.github.com/repos/joefallon/phpautoloader/zipball/3dd432e44d6d709b86a9ed60e3aa09375b1d49af",
                "reference": "3dd432e44d6d709b86a9ed60e3aa09375b1d49af",
                "shasum": ""
            },
            "type": "library",
            "autoload": {
                "psr-0": {
                    "JoeFallon": "src/"
                }
            },
            "notification-url": "https://packagist.org/downloads/",
            "license": [
                "MIT"
            ],
            "authors": [
                {
                    "name": "Joe Fallon",
                    "email": "joseph.t.fallon@gmail.com",
                    "homepage": "http://blog.joefallon.net/",
                    "role": "Lead Developer"
                }
            ],
            "description": "Joe's simple to use and versatile PHP autoloader.",
            "homepage": "https://github.com/joefallon/phpautoloader",
            "keywords": [
                "Simple",
                "autoloader",
                "namespace",
                "psr-0"
            ],
            "time": "2015-02-05 19:08:04"
        },
        {
            "name": "phpunit/php-file-iterator",
            "version": "dev-master",
            "source": {
                "type": "git",
                "url": "https://github.com/sebastianbergmann/php-file-iterator.git",
                "reference": "6150bf2c35d3fc379e50c7602b75caceaa39dbf0"
            },
            "dist": {
                "type": "zip",
                "url": "https://api.github.com/repos/sebastianbergmann/php-file-iterator/zipball/6150bf2c35d3fc379e50c7602b75caceaa39dbf0",
                "reference": "6150bf2c35d3fc379e50c7602b75caceaa39dbf0",
                "shasum": ""
            },
            "require": {
                "php": ">=5.3.3"
            },
            "type": "library",
            "extra": {
                "branch-alias": {
                    "dev-master": "1.4.x-dev"
                }
            },
            "autoload": {
                "classmap": [
                    "src/"
                ]
            },
            "notification-url": "https://packagist.org/downloads/",
            "license": [
                "BSD-3-Clause"
            ],
            "authors": [
                {
                    "name": "Sebastian Bergmann",
                    "email": "sb@sebastian-bergmann.de",
                    "role": "lead"
                }
            ],
            "description": "FilterIterator implementation that filters files based on a list of suffixes.",
            "homepage": "https://github.com/sebastianbergmann/php-file-iterator/",
            "keywords": [
                "filesystem",
                "iterator"
            ],
            "time": "2015-06-21 13:08:43"
        },
        {
            "name": "phpunit/php-text-template",
            "version": "1.2.1",
            "source": {
                "type": "git",
                "url": "https://github.com/sebastianbergmann/php-text-template.git",
                "reference": "31f8b717e51d9a2afca6c9f046f5d69fc27c8686"
            },
            "dist": {
                "type": "zip",
                "url": "https://api.github.com/repos/sebastianbergmann/php-text-template/zipball/31f8b717e51d9a2afca6c9f046f5d69fc27c8686",
                "reference": "31f8b717e51d9a2afca6c9f046f5d69fc27c8686",
                "shasum": ""
            },
            "require": {
                "php": ">=5.3.3"
            },
            "type": "library",
            "autoload": {
                "classmap": [
                    "src/"
                ]
            },
            "notification-url": "https://packagist.org/downloads/",
            "license": [
                "BSD-3-Clause"
            ],
            "authors": [
                {
                    "name": "Sebastian Bergmann",
                    "email": "sebastian@phpunit.de",
                    "role": "lead"
                }
            ],
            "description": "Simple template engine.",
            "homepage": "https://github.com/sebastianbergmann/php-text-template/",
            "keywords": [
                "template"
            ],
            "time": "2015-06-21 13:50:34"
        },
        {
            "name": "phpunit/php-token-stream",
            "version": "dev-master",
            "source": {
                "type": "git",
                "url": "https://github.com/sebastianbergmann/php-token-stream.git",
                "reference": "cab6c6fefee93d7b7c3a01292a0fe0884ea66644"
            },
            "dist": {
                "type": "zip",
                "url": "https://api.github.com/repos/sebastianbergmann/php-token-stream/zipball/cab6c6fefee93d7b7c3a01292a0fe0884ea66644",
                "reference": "cab6c6fefee93d7b7c3a01292a0fe0884ea66644",
                "shasum": ""
            },
            "require": {
                "ext-tokenizer": "*",
                "php": ">=5.3.3"
            },
            "require-dev": {
                "phpunit/phpunit": "~4.2"
            },
            "type": "library",
            "extra": {
                "branch-alias": {
                    "dev-master": "1.4-dev"
                }
            },
            "autoload": {
                "classmap": [
                    "src/"
                ]
            },
            "notification-url": "https://packagist.org/downloads/",
            "license": [
                "BSD-3-Clause"
            ],
            "authors": [
                {
                    "name": "Sebastian Bergmann",
                    "email": "sebastian@phpunit.de"
                }
            ],
            "description": "Wrapper around PHP's tokenizer extension.",
            "homepage": "https://github.com/sebastianbergmann/php-token-stream/",
            "keywords": [
                "tokenizer"
            ],
            "time": "2015-09-23 14:46:55"
        },
        {
            "name": "sebastian/environment",
            "version": "dev-master",
            "source": {
                "type": "git",
                "url": "https://github.com/sebastianbergmann/environment.git",
                "reference": "6e7133793a8e5a5714a551a8324337374be209df"
            },
            "dist": {
                "type": "zip",
                "url": "https://api.github.com/repos/sebastianbergmann/environment/zipball/6e7133793a8e5a5714a551a8324337374be209df",
                "reference": "6e7133793a8e5a5714a551a8324337374be209df",
                "shasum": ""
            },
            "require": {
                "php": ">=5.3.3"
            },
            "require-dev": {
                "phpunit/phpunit": "~4.4"
            },
            "type": "library",
            "extra": {
                "branch-alias": {
                    "dev-master": "1.3.x-dev"
                }
            },
            "autoload": {
                "classmap": [
                    "src/"
                ]
            },
            "notification-url": "https://packagist.org/downloads/",
            "license": [
                "BSD-3-Clause"
            ],
            "authors": [
                {
                    "name": "Sebastian Bergmann",
                    "email": "sebastian@phpunit.de"
                }
            ],
            "description": "Provides functionality to handle HHVM/PHP environments",
            "homepage": "http://www.github.com/sebastianbergmann/environment",
            "keywords": [
                "Xdebug",
                "environment",
                "hhvm"
            ],
            "time": "2015-12-02 08:37:27"
        },
        {
            "name": "sebastian/version",
            "version": "1.0.6",
            "source": {
                "type": "git",
                "url": "https://github.com/sebastianbergmann/version.git",
                "reference": "58b3a85e7999757d6ad81c787a1fbf5ff6c628c6"
            },
            "dist": {
                "type": "zip",
                "url": "https://api.github.com/repos/sebastianbergmann/version/zipball/58b3a85e7999757d6ad81c787a1fbf5ff6c628c6",
                "reference": "58b3a85e7999757d6ad81c787a1fbf5ff6c628c6",
                "shasum": ""
            },
            "type": "library",
            "autoload": {
                "classmap": [
                    "src/"
                ]
            },
            "notification-url": "https://packagist.org/downloads/",
            "license": [
                "BSD-3-Clause"
            ],
            "authors": [
                {
                    "name": "Sebastian Bergmann",
                    "email": "sebastian@phpunit.de",
                    "role": "lead"
                }
            ],
            "description": "Library that helps with managing the version number of Git-hosted PHP projects",
            "homepage": "https://github.com/sebastianbergmann/version",
            "time": "2015-06-21 13:59:46"
        }
    ],
    "aliases": [],
    "minimum-stability": "dev",
    "stability-flags": [],
    "prefer-stable": false,
    "prefer-lowest": false,
    "platform": {
        "php": ">=5.3.0"
    },
    "platform-dev": []
}
