{
    "_readme": [
        "This file locks the dependencies of your project to a known state",
        "Read more about it at http://getcomposer.org/doc/01-basic-usage.md#composer-lock-the-lock-file",
        "This file is @generated automatically"
    ],
    "hash": "bc5c05fabba4d3c2a21361813dc7c5ee",
    "packages": [
        {
            "name": "joefallon/phplog",
            "version": "v1.0.3",
            "source": {
                "type": "git",
                "url": "https://github.com/joefallon/phplog.git",
                "reference": "09c25a5acab7128acd66b244ec61460d59518647"
            },
            "dist": {
                "type": "zip",
                "url": "https://api.github.com/repos/joefallon/phplog/zipball/09c25a5acab7128acd66b244ec61460d59518647",
                "reference": "09c25a5acab7128acd66b244ec61460d59518647",
                "shasum": ""
            },
            "require": {
                "php": ">=5.3.0",
                "psr/log": "~1.0"
            },
            "require-dev": {
                "joefallon/kisstest": "~1.0",
                "joefallon/phpautoloader": "~1.0"
            },
            "type": "library",
            "autoload": {
                "psr-0": {
                    "JoeFallon": "src/"
                }
            },
            "notification-url": "https://packagist.org/downloads/",
            "license": [
                "MIT"
            ],
            "authors": [
                {
                    "name": "Joe Fallon",
                    "email": "joseph.t.fallon@gmail.com",
                    "homepage": "http://blog.joefallon.net"
                }
            ],
            "description": "This package contains simple to use logger",
            "homepage": "https://github.com/joefallon/phplog",
            "keywords": [
                "database",
                "dbal",
                "php"
            ],
            "time": "2014-08-29 17:07:45"
        },
        {
            "name": "joefallon/phptime",
            "version": "v1.0.1",
            "source": {
                "type": "git",
                "url": "https://github.com/joefallon/phptime.git",
                "reference": "715375f41b66da96ca6d9f5a45fb6d23d57f0cf3"
            },
            "dist": {
                "type": "zip",
                "url": "https://api.github.com/repos/joefallon/phptime/zipball/715375f41b66da96ca6d9f5a45fb6d23d57f0cf3",
                "reference": "715375f41b66da96ca6d9f5a45fb6d23d57f0cf3",
                "shasum": ""
            },
            "require": {
                "php": ">=5.3.0"
            },
            "require-dev": {
                "joefallon/kisstest": "~1.0",
                "joefallon/phpautoloader": "~2.0"
            },
            "type": "library",
            "autoload": {
                "psr-0": {
                    "JoeFallon": "src/"
                }
            },
            "notification-url": "https://packagist.org/downloads/",
            "license": [
                "MIT"
            ],
            "authors": [
                {
                    "name": "Joe Fallon",
                    "email": "joseph.t.fallon@gmail.com",
                    "homepage": "http://blog.joefallon.net"
                }
            ],
            "description": "This package contains a set of classes for making it easier to work with time in PHP.",
            "homepage": "https://github.com/joefallon/phptime",
            "keywords": [
                "chronograph",
                "data",
                "php",
                "time"
            ],
            "time": "2014-10-20 16:33:21"
        },
        {
            "name": "psr/log",
            "version": "dev-master",
            "source": {
                "type": "git",
                "url": "https://github.com/php-fig/log.git",
                "reference": "a78d6504ff5d4367497785ab2ade91db3a9fbe11"
            },
            "dist": {
                "type": "zip",
                "url": "https://api.github.com/repos/php-fig/log/zipball/a78d6504ff5d4367497785ab2ade91db3a9fbe11",
                "reference": "a78d6504ff5d4367497785ab2ade91db3a9fbe11",
                "shasum": ""
            },
            "type": "library",
            "extra": {
                "branch-alias": {
                    "dev-master": "1.0.x-dev"
                }
            },
            "autoload": {
                "psr-0": {
                    "Psr\\Log\\": ""
                }
            },
            "notification-url": "https://packagist.org/downloads/",
            "license": [
                "MIT"
            ],
            "authors": [
                {
                    "name": "PHP-FIG",
                    "homepage": "http://www.php-fig.org/"
                }
            ],
            "description": "Common interface for logging libraries",
            "keywords": [
                "log",
                "psr",
                "psr-3"
            ],
            "time": "2014-01-18 15:33:09"
        }
    ],
    "packages-dev": [
        {
            "name": "joefallon/kisstest",
            "version": "v1.1.6",
            "source": {
                "type": "git",
                "url": "https://github.com/joefallon/kisstest.git",
                "reference": "a5e19de2b350252be3c3bd3f3c5dab29d19ec524"
            },
            "dist": {
                "type": "zip",
                "url": "https://api.github.com/repos/joefallon/kisstest/zipball/a5e19de2b350252be3c3bd3f3c5dab29d19ec524",
                "reference": "a5e19de2b350252be3c3bd3f3c5dab29d19ec524",
                "shasum": ""
            },
            "require": {
                "php": ">=5.3.0"
            },
            "require-dev": {
                "joefallon/phpautoloader": "~2.0"
            },
            "type": "library",
            "autoload": {
                "psr-0": {
                    "JoeFallon": "src/"
                }
            },
            "notification-url": "https://packagist.org/downloads/",
            "license": [
                "MIT"
            ],
            "authors": [
                {
                    "name": "Joe Fallon",
                    "email": "joseph.t.fallon@gmail.com",
                    "homepage": "http://blog.joefallon.net"
                }
            ],
            "description": "KissTest is a gorgeous and fast unit testing framework for PHP that does not require use of the command line.",
            "homepage": "https://github.com/joefallon/kisstest",
            "keywords": [
                "test",
                "unit-test",
                "xunit"
            ],
            "time": "2014-10-20 15:04:14"
        },
        {
            "name": "joefallon/phpautoloader",
            "version": "v2.0.1",
            "source": {
                "type": "git",
                "url": "https://github.com/joefallon/phpautoloader.git",
                "reference": "bae8db9f3327d44f8231f6ac414d00f9511f1dc4"
            },
            "dist": {
                "type": "zip",
                "url": "https://api.github.com/repos/joefallon/phpautoloader/zipball/bae8db9f3327d44f8231f6ac414d00f9511f1dc4",
                "reference": "bae8db9f3327d44f8231f6ac414d00f9511f1dc4",
                "shasum": ""
            },
            "type": "library",
            "autoload": {
                "psr-0": {
                    "JoeFallon": "src/"
                }
            },
            "notification-url": "https://packagist.org/downloads/",
            "license": [
                "MIT"
            ],
            "authors": [
                {
                    "name": "Joe Fallon",
                    "email": "joseph.t.fallon@gmail.com",
                    "homepage": "http://blog.joefallon.net/",
                    "role": "Lead Developer"
                }
            ],
            "description": "Joe's simple to use and versatile PHP autoloader.",
            "homepage": "https://github.com/joefallon/phpautoloader",
            "keywords": [
                "Simple",
                "autoloader",
                "namespace",
                "psr-0"
            ],
            "time": "2014-10-20 14:58:35"
        }
    ],
    "aliases": [],
    "minimum-stability": "dev",
    "stability-flags": [],
    "prefer-stable": false,
    "platform": {
        "php": ">=5.3.0"
    },
    "platform-dev": []
}
